
Microsoft Visual Studio Solution File, Format Version 12.00
# Visual Studio 15
VisualStudioVersion = 15.0.27004.2010
MinimumVisualStudioVersion = 10.0.40219.1
Project("{2150E333-8FDC-42A3-9474-1A3956D46DE8}") = "10 Presentation Layer", "10 Presentation Layer", "{70B4A5CF-A9A5-4A97-98C3-31F183F92C0B}"
EndProject
Project("{2150E333-8FDC-42A3-9474-1A3956D46DE8}") = "20 Service Layer", "20 Service Layer", "{5B0F2959-4984-464D-B4E5-C15657D2E842}"
EndProject
Project("{2150E333-8FDC-42A3-9474-1A3956D46DE8}") = "30 Data Access Layer", "30 Data Access Layer", "{636C8947-949C-48A9-8F54-522450509B57}"
EndProject
Project("{2150E333-8FDC-42A3-9474-1A3956D46DE8}") = "40 Common", "40 Common", "{28892733-F25F-4482-8DEE-DB584E2A4E6F}"
EndProject
Project("{2150E333-8FDC-42A3-9474-1A3956D46DE8}") = "90 Test", "90 Test", "{26C300EE-8237-4B38-8B04-A34DD3794A44}"
EndProject
Project("{FAE04EC0-301F-11D3-BF4B-00C04F79EFBC}") = "Codetecuico.Byns.WebUI", "Codetecuico.Byns.WebUI\Codetecuico.Byns.WebUI.csproj", "{DC41E801-2FE7-4086-93D3-F0E908473A0E}"
EndProject
Project("{FAE04EC0-301F-11D3-BF4B-00C04F79EFBC}") = "Codetecuico.Byns.Common.AzureStorage", "Codetecuico.Byns.Common.AzureStorage\Codetecuico.Byns.Common.AzureStorage.csproj", "{A390DF96-02E7-480D-8B8D-9BAB4C5ABF54}"
EndProject
Project("{9A19103F-16F7-4668-BE54-9A1E7A4F7556}") = "Codetecuico.Byns.Service", "Codetecuico.Byns.Service\Codetecuico.Byns.Service.csproj", "{BEC60C09-E7F7-49BA-B94B-6341FDE2A6CC}"
EndProject
Project("{9A19103F-16F7-4668-BE54-9A1E7A4F7556}") = "Codetecuico.Byns.Api", "Codetecuico.Byns.Api\Codetecuico.Byns.Api.csproj", "{2C21866F-24A6-4D3C-B93B-731D35E815CB}"
EndProject
Project("{9A19103F-16F7-4668-BE54-9A1E7A4F7556}") = "Codetecuico.Byns.Data", "Codetecuico.Byns.Data\Codetecuico.Byns.Data.csproj", "{AF88CC9C-D6B7-4393-957E-417574EA9681}"
EndProject
Project("{9A19103F-16F7-4668-BE54-9A1E7A4F7556}") = "Codetecuico.Byns.Common.Core", "Codetecuico.Byns.Common.Core\Codetecuico.Byns.Common.Core.csproj", "{28F8BAA3-00C3-4EFB-A721-E2E5D0EDA523}"
EndProject
Project("{9A19103F-16F7-4668-BE54-9A1E7A4F7556}") = "Codetecuico.Byns.Service.Test", "Codetecuico.Byns.Service.Test\Codetecuico.Byns.Service.Test.csproj", "{D783029A-969A-48FA-9FD8-4F7B203E7F60}"
EndProject
Project("{FAE04EC0-301F-11D3-BF4B-00C04F79EFBC}") = "Codetecuico.Byns.Domain", "Codetecuico.Byns.Domain\Codetecuico.Byns.Domain.csproj", "{276F8E76-CCDA-42A1-8DDB-1190B9BDABE6}"
EndProject
Global
	GlobalSection(SolutionConfigurationPlatforms) = preSolution
		Debug|Any CPU = Debug|Any CPU
		Release|Any CPU = Release|Any CPU
	EndGlobalSection
	GlobalSection(ProjectConfigurationPlatforms) = postSolution
		{DC41E801-2FE7-4086-93D3-F0E908473A0E}.Debug|Any CPU.ActiveCfg = Debug|Any CPU
		{DC41E801-2FE7-4086-93D3-F0E908473A0E}.Debug|Any CPU.Build.0 = Debug|Any CPU
		{DC41E801-2FE7-4086-93D3-F0E908473A0E}.Release|Any CPU.ActiveCfg = Release|Any CPU
		{DC41E801-2FE7-4086-93D3-F0E908473A0E}.Release|Any CPU.Build.0 = Release|Any CPU
		{A390DF96-02E7-480D-8B8D-9BAB4C5ABF54}.Debug|Any CPU.ActiveCfg = Debug|Any CPU
		{A390DF96-02E7-480D-8B8D-9BAB4C5ABF54}.Debug|Any CPU.Build.0 = Debug|Any CPU
		{A390DF96-02E7-480D-8B8D-9BAB4C5ABF54}.Release|Any CPU.ActiveCfg = Release|Any CPU
		{A390DF96-02E7-480D-8B8D-9BAB4C5ABF54}.Release|Any CPU.Build.0 = Release|Any CPU
		{BEC60C09-E7F7-49BA-B94B-6341FDE2A6CC}.Debug|Any CPU.ActiveCfg = Debug|Any CPU
		{BEC60C09-E7F7-49BA-B94B-6341FDE2A6CC}.Debug|Any CPU.Build.0 = Debug|Any CPU
		{BEC60C09-E7F7-49BA-B94B-6341FDE2A6CC}.Release|Any CPU.ActiveCfg = Release|Any CPU
		{BEC60C09-E7F7-49BA-B94B-6341FDE2A6CC}.Release|Any CPU.Build.0 = Release|Any CPU
		{2C21866F-24A6-4D3C-B93B-731D35E815CB}.Debug|Any CPU.ActiveCfg = Debug|Any CPU
		{2C21866F-24A6-4D3C-B93B-731D35E815CB}.Debug|Any CPU.Build.0 = Debug|Any CPU
		{2C21866F-24A6-4D3C-B93B-731D35E815CB}.Release|Any CPU.ActiveCfg = Release|Any CPU
		{2C21866F-24A6-4D3C-B93B-731D35E815CB}.Release|Any CPU.Build.0 = Release|Any CPU
		{AF88CC9C-D6B7-4393-957E-417574EA9681}.Debug|Any CPU.ActiveCfg = Debug|Any CPU
		{AF88CC9C-D6B7-4393-957E-417574EA9681}.Debug|Any CPU.Build.0 = Debug|Any CPU
		{AF88CC9C-D6B7-4393-957E-417574EA9681}.Release|Any CPU.ActiveCfg = Release|Any CPU
		{AF88CC9C-D6B7-4393-957E-417574EA9681}.Release|Any CPU.Build.0 = Release|Any CPU
		{28F8BAA3-00C3-4EFB-A721-E2E5D0EDA523}.Debug|Any CPU.ActiveCfg = Debug|Any CPU
		{28F8BAA3-00C3-4EFB-A721-E2E5D0EDA523}.Debug|Any CPU.Build.0 = Debug|Any CPU
		{28F8BAA3-00C3-4EFB-A721-E2E5D0EDA523}.Release|Any CPU.ActiveCfg = Release|Any CPU
		{28F8BAA3-00C3-4EFB-A721-E2E5D0EDA523}.Release|Any CPU.Build.0 = Release|Any CPU
		{D783029A-969A-48FA-9FD8-4F7B203E7F60}.Debug|Any CPU.ActiveCfg = Debug|Any CPU
		{D783029A-969A-48FA-9FD8-4F7B203E7F60}.Debug|Any CPU.Build.0 = Debug|Any CPU
		{D783029A-969A-48FA-9FD8-4F7B203E7F60}.Release|Any CPU.ActiveCfg = Release|Any CPU
		{D783029A-969A-48FA-9FD8-4F7B203E7F60}.Release|Any CPU.Build.0 = Release|Any CPU
		{276F8E76-CCDA-42A1-8DDB-1190B9BDABE6}.Debug|Any CPU.ActiveCfg = Debug|Any CPU
		{276F8E76-CCDA-42A1-8DDB-1190B9BDABE6}.Debug|Any CPU.Build.0 = Debug|Any CPU
		{276F8E76-CCDA-42A1-8DDB-1190B9BDABE6}.Release|Any CPU.ActiveCfg = Release|Any CPU
		{276F8E76-CCDA-42A1-8DDB-1190B9BDABE6}.Release|Any CPU.Build.0 = Release|Any CPU
	EndGlobalSection
	GlobalSection(SolutionProperties) = preSolution
		HideSolutionNode = FALSE
	EndGlobalSection
	GlobalSection(NestedProjects) = preSolution
		{DC41E801-2FE7-4086-93D3-F0E908473A0E} = {70B4A5CF-A9A5-4A97-98C3-31F183F92C0B}
		{A390DF96-02E7-480D-8B8D-9BAB4C5ABF54} = {28892733-F25F-4482-8DEE-DB584E2A4E6F}
		{BEC60C09-E7F7-49BA-B94B-6341FDE2A6CC} = {5B0F2959-4984-464D-B4E5-C15657D2E842}
		{2C21866F-24A6-4D3C-B93B-731D35E815CB} = {5B0F2959-4984-464D-B4E5-C15657D2E842}
		{AF88CC9C-D6B7-4393-957E-417574EA9681} = {636C8947-949C-48A9-8F54-522450509B57}
		{28F8BAA3-00C3-4EFB-A721-E2E5D0EDA523} = {28892733-F25F-4482-8DEE-DB584E2A4E6F}
		{D783029A-969A-48FA-9FD8-4F7B203E7F60} = {26C300EE-8237-4B38-8B04-A34DD3794A44}
		{276F8E76-CCDA-42A1-8DDB-1190B9BDABE6} = {28892733-F25F-4482-8DEE-DB584E2A4E6F}
	EndGlobalSection
	GlobalSection(ExtensibilityGlobals) = postSolution
		SolutionGuid = {F3EC0ED0-D45A-4627-90AE-620B379EC4D4}
	EndGlobalSection
EndGlobal
